
Microsoft Visual Studio Solution File, Format Version 12.00
# Visual Studio Version 17
VisualStudioVersion = 17.5.33516.290
MinimumVisualStudioVersion = 10.0.40219.1
Project("{FAE04EC0-301F-11D3-BF4B-00C04F79EFBC}") = "QualifierQ1", "QualifierQ1.csproj", "{770CEDB3-2758-4FF3-B8B6-52BCDE3466E0}"
EndProject
Global
	GlobalSection(SolutionConfigurationPlatforms) = preSolution
		Debug|Any CPU = Debug|Any CPU
		Release|Any CPU = Release|Any CPU
	EndGlobalSection
	GlobalSection(ProjectConfigurationPlatforms) = postSolution
		{770CEDB3-2758-4FF3-B8B6-52BCDE3466E0}.Debug|Any CPU.ActiveCfg = Debug|Any CPU
		{770CEDB3-2758-4FF3-B8B6-52BCDE3466E0}.Debug|Any CPU.Build.0 = Debug|Any CPU
		{770CEDB3-2758-4FF3-B8B6-52BCDE3466E0}.Release|Any CPU.ActiveCfg = Release|Any CPU
		{770CEDB3-2758-4FF3-B8B6-52BCDE3466E0}.Release|Any CPU.Build.0 = Release|Any CPU
	EndGlobalSection
	GlobalSection(SolutionProperties) = preSolution
		HideSolutionNode = FALSE
	EndGlobalSection
	GlobalSection(ExtensibilityGlobals) = postSolution
		SolutionGuid = {9142DFBF-ABFD-45F1-B6D0-BF1C7B71857D}
	EndGlobalSection
EndGlobal
