
Microsoft Visual Studio Solution File, Format Version 12.00
# Visual Studio Version 17
VisualStudioVersion = 17.5.33516.290
MinimumVisualStudioVersion = 10.0.40219.1
Project("{FAE04EC0-301F-11D3-BF4B-00C04F79EFBC}") = "DateTimeDemo", "DateTimeDemo.csproj", "{FC789E44-C6AB-4BC2-B62C-79FE509982D7}"
EndProject
Global
	GlobalSection(SolutionConfigurationPlatforms) = preSolution
		Debug|Any CPU = Debug|Any CPU
		Release|Any CPU = Release|Any CPU
	EndGlobalSection
	GlobalSection(ProjectConfigurationPlatforms) = postSolution
		{FC789E44-C6AB-4BC2-B62C-79FE509982D7}.Debug|Any CPU.ActiveCfg = Debug|Any CPU
		{FC789E44-C6AB-4BC2-B62C-79FE509982D7}.Debug|Any CPU.Build.0 = Debug|Any CPU
		{FC789E44-C6AB-4BC2-B62C-79FE509982D7}.Release|Any CPU.ActiveCfg = Release|Any CPU
		{FC789E44-C6AB-4BC2-B62C-79FE509982D7}.Release|Any CPU.Build.0 = Release|Any CPU
	EndGlobalSection
	GlobalSection(SolutionProperties) = preSolution
		HideSolutionNode = FALSE
	EndGlobalSection
	GlobalSection(ExtensibilityGlobals) = postSolution
		SolutionGuid = {CFE4B475-EDC1-446E-8A59-DB650A01A97F}
	EndGlobalSection
EndGlobal
