
Microsoft Visual Studio Solution File, Format Version 12.00
# Visual Studio Version 17
VisualStudioVersion = 17.5.33502.453
MinimumVisualStudioVersion = 10.0.40219.1
Project("{FAE04EC0-301F-11D3-BF4B-00C04F79EFBC}") = "OpenableInterface", "OpenableInterface.csproj", "{B95BB964-4505-489D-8FEC-3B368C5CE44D}"
EndProject
Global
	GlobalSection(SolutionConfigurationPlatforms) = preSolution
		Debug|Any CPU = Debug|Any CPU
		Release|Any CPU = Release|Any CPU
	EndGlobalSection
	GlobalSection(ProjectConfigurationPlatforms) = postSolution
		{B95BB964-4505-489D-8FEC-3B368C5CE44D}.Debug|Any CPU.ActiveCfg = Debug|Any CPU
		{B95BB964-4505-489D-8FEC-3B368C5CE44D}.Debug|Any CPU.Build.0 = Debug|Any CPU
		{B95BB964-4505-489D-8FEC-3B368C5CE44D}.Release|Any CPU.ActiveCfg = Release|Any CPU
		{B95BB964-4505-489D-8FEC-3B368C5CE44D}.Release|Any CPU.Build.0 = Release|Any CPU
	EndGlobalSection
	GlobalSection(SolutionProperties) = preSolution
		HideSolutionNode = FALSE
	EndGlobalSection
	GlobalSection(ExtensibilityGlobals) = postSolution
		SolutionGuid = {8EF1362D-BB97-4010-8765-60D21A75F1FC}
	EndGlobalSection
EndGlobal
