
Microsoft Visual Studio Solution File, Format Version 12.00
# Visual Studio Version 17
VisualStudioVersion = 17.5.33502.453
MinimumVisualStudioVersion = 10.0.40219.1
Project("{FAE04EC0-301F-11D3-BF4B-00C04F79EFBC}") = "CustomerUtility", "CustomerUtility.csproj", "{74C84F8D-C96A-4D47-843F-BE3A757C6744}"
EndProject
Global
	GlobalSection(SolutionConfigurationPlatforms) = preSolution
		Debug|Any CPU = Debug|Any CPU
		Release|Any CPU = Release|Any CPU
	EndGlobalSection
	GlobalSection(ProjectConfigurationPlatforms) = postSolution
		{74C84F8D-C96A-4D47-843F-BE3A757C6744}.Debug|Any CPU.ActiveCfg = Debug|Any CPU
		{74C84F8D-C96A-4D47-843F-BE3A757C6744}.Debug|Any CPU.Build.0 = Debug|Any CPU
		{74C84F8D-C96A-4D47-843F-BE3A757C6744}.Release|Any CPU.ActiveCfg = Release|Any CPU
		{74C84F8D-C96A-4D47-843F-BE3A757C6744}.Release|Any CPU.Build.0 = Release|Any CPU
	EndGlobalSection
	GlobalSection(SolutionProperties) = preSolution
		HideSolutionNode = FALSE
	EndGlobalSection
	GlobalSection(ExtensibilityGlobals) = postSolution
		SolutionGuid = {0002F3C2-3B15-465F-8303-DE7F4E877ACB}
	EndGlobalSection
EndGlobal
