
Microsoft Visual Studio Solution File, Format Version 12.00
# Visual Studio Version 17
VisualStudioVersion = 17.5.33516.290
MinimumVisualStudioVersion = 10.0.40219.1
Project("{FAE04EC0-301F-11D3-BF4B-00C04F79EFBC}") = "PolymorphismDemo", "PolymorphismDemo.csproj", "{963B8ABC-160C-4DC1-A697-4ACCADE67DD8}"
EndProject
Global
	GlobalSection(SolutionConfigurationPlatforms) = preSolution
		Debug|Any CPU = Debug|Any CPU
		Release|Any CPU = Release|Any CPU
	EndGlobalSection
	GlobalSection(ProjectConfigurationPlatforms) = postSolution
		{963B8ABC-160C-4DC1-A697-4ACCADE67DD8}.Debug|Any CPU.ActiveCfg = Debug|Any CPU
		{963B8ABC-160C-4DC1-A697-4ACCADE67DD8}.Debug|Any CPU.Build.0 = Debug|Any CPU
		{963B8ABC-160C-4DC1-A697-4ACCADE67DD8}.Release|Any CPU.ActiveCfg = Release|Any CPU
		{963B8ABC-160C-4DC1-A697-4ACCADE67DD8}.Release|Any CPU.Build.0 = Release|Any CPU
	EndGlobalSection
	GlobalSection(SolutionProperties) = preSolution
		HideSolutionNode = FALSE
	EndGlobalSection
	GlobalSection(ExtensibilityGlobals) = postSolution
		SolutionGuid = {26C42FBA-7367-4BB4-80C5-B141CBE6F4BB}
	EndGlobalSection
EndGlobal
