
Microsoft Visual Studio Solution File, Format Version 12.00
# Visual Studio Version 17
VisualStudioVersion = 17.5.33502.453
MinimumVisualStudioVersion = 10.0.40219.1
Project("{FAE04EC0-301F-11D3-BF4B-00C04F79EFBC}") = "AccountDetails", "AccountDetails.csproj", "{070D3B23-97B6-4462-8EAD-EA0A9CDB0ED3}"
EndProject
Global
	GlobalSection(SolutionConfigurationPlatforms) = preSolution
		Debug|Any CPU = Debug|Any CPU
		Release|Any CPU = Release|Any CPU
	EndGlobalSection
	GlobalSection(ProjectConfigurationPlatforms) = postSolution
		{070D3B23-97B6-4462-8EAD-EA0A9CDB0ED3}.Debug|Any CPU.ActiveCfg = Debug|Any CPU
		{070D3B23-97B6-4462-8EAD-EA0A9CDB0ED3}.Debug|Any CPU.Build.0 = Debug|Any CPU
		{070D3B23-97B6-4462-8EAD-EA0A9CDB0ED3}.Release|Any CPU.ActiveCfg = Release|Any CPU
		{070D3B23-97B6-4462-8EAD-EA0A9CDB0ED3}.Release|Any CPU.Build.0 = Release|Any CPU
	EndGlobalSection
	GlobalSection(SolutionProperties) = preSolution
		HideSolutionNode = FALSE
	EndGlobalSection
	GlobalSection(ExtensibilityGlobals) = postSolution
		SolutionGuid = {9E2BF7F1-F47C-44C5-A2AB-FBA90CD19146}
	EndGlobalSection
EndGlobal
