
Microsoft Visual Studio Solution File, Format Version 12.00
# Visual Studio Version 17
VisualStudioVersion = 17.5.33502.453
MinimumVisualStudioVersion = 10.0.40219.1
Project("{FAE04EC0-301F-11D3-BF4B-00C04F79EFBC}") = "TicketManagement", "TicketManagement.csproj", "{0553901C-C46F-4252-849E-6C5656D57016}"
EndProject
Global
	GlobalSection(SolutionConfigurationPlatforms) = preSolution
		Debug|Any CPU = Debug|Any CPU
		Release|Any CPU = Release|Any CPU
	EndGlobalSection
	GlobalSection(ProjectConfigurationPlatforms) = postSolution
		{0553901C-C46F-4252-849E-6C5656D57016}.Debug|Any CPU.ActiveCfg = Debug|Any CPU
		{0553901C-C46F-4252-849E-6C5656D57016}.Debug|Any CPU.Build.0 = Debug|Any CPU
		{0553901C-C46F-4252-849E-6C5656D57016}.Release|Any CPU.ActiveCfg = Release|Any CPU
		{0553901C-C46F-4252-849E-6C5656D57016}.Release|Any CPU.Build.0 = Release|Any CPU
	EndGlobalSection
	GlobalSection(SolutionProperties) = preSolution
		HideSolutionNode = FALSE
	EndGlobalSection
	GlobalSection(ExtensibilityGlobals) = postSolution
		SolutionGuid = {061D0D81-81E1-4C1F-956C-5810DAC8B181}
	EndGlobalSection
EndGlobal
